{
  "name": "oprev",
  "version": "1.0.0",
  "lockfileVersion": 1,
  "requires": true,
  "dependencies": {
    "all": {
      "version": "0.0.0",
      "resolved": "https://registry.npmjs.org/all/-/all-0.0.0.tgz",
      "integrity": "sha1-+yqnXUdZ1A457LsRj6vwzBH/VU8="
    },
    "base64-arraybuffer": {
      "version": "0.2.0",
      "resolved": "https://registry.npmjs.org/base64-arraybuffer/-/base64-arraybuffer-0.2.0.tgz",
      "integrity": "sha512-7emyCsu1/xiBXgQZrscw/8KPRT44I4Yq9Pe6EGs3aPRTsWuggML1/1DTuZUuIaJPIm1FTDUVXl4x/yW8s0kQDQ=="
    },
    "canvas2svg": {
      "version": "1.0.16",
      "resolved": "https://registry.npmjs.org/canvas2svg/-/canvas2svg-1.0.16.tgz",
      "integrity": "sha1-CBTFO7q3w0Buc4cnnN8lf+T28r0="
    },
    "chart.js": {
      "version": "3.0.2",
      "resolved": "https://registry.npmjs.org/chart.js/-/chart.js-3.0.2.tgz",
      "integrity": "sha512-DR0GmFSlxcFJp/w//ZmbxSduAkH/AqwxoiZxK97KHnWZf6gvsKWS3160WvNMMHYvzW9OXqGWjPjVh1Qu+xDabg=="
    },
    "css-line-break": {
      "version": "1.1.1",
      "resolved": "https://registry.npmjs.org/css-line-break/-/css-line-break-1.1.1.tgz",
      "integrity": "sha512-1feNVaM4Fyzdj4mKPIQNL2n70MmuYzAXZ1aytlROFX1JsOo070OsugwGjj7nl6jnDJWHDM8zRZswkmeYVWZJQA==",
      "requires": {
        "base64-arraybuffer": "^0.2.0"
      }
    },
    "datatables.net": {
      "version": "1.10.24",
      "resolved": "https://registry.npmjs.org/datatables.net/-/datatables.net-1.10.24.tgz",
      "integrity": "sha512-CwXixvOdinvBCLXvcTloDinWiEM7Geaz+GwyjPrZL+MXIGPcLv4Op1bbWn8ErsI1JWMIWC8Cuf1rnDU2RrFV5w==",
      "requires": {
        "jquery": ">=1.7"
      }
    },
    "datatables.net-dt": {
      "version": "1.10.24",
      "resolved": "https://registry.npmjs.org/datatables.net-dt/-/datatables.net-dt-1.10.24.tgz",
      "integrity": "sha512-O7c/Fhqz9hZG8LkXLr9k3M2rZPFjqY6tylOnFl3UaTZfBp5TeCc1AXZbFmv3Y7aNkcNS2UVJRiYAk7bkQhxR+w==",
      "requires": {
        "datatables.net": "1.10.24",
        "jquery": ">=1.7"
      }
    },
    "file-saver": {
      "version": "2.0.5",
      "resolved": "https://registry.npmjs.org/file-saver/-/file-saver-2.0.5.tgz",
      "integrity": "sha512-P9bmyZ3h/PRG+Nzga+rbdI4OEpNDzAVyy74uVO9ATgzLK6VtAsYybF/+TOCvrc0MO793d6+42lLyZTw7/ArVzA=="
    },
    "html2canvas": {
      "version": "1.0.0-rc.7",
      "resolved": "https://registry.npmjs.org/html2canvas/-/html2canvas-1.0.0-rc.7.tgz",
      "integrity": "sha512-yvPNZGejB2KOyKleZspjK/NruXVQuowu8NnV2HYG7gW7ytzl+umffbtUI62v2dCHQLDdsK6HIDtyJZ0W3neerA==",
      "requires": {
        "css-line-break": "1.1.1"
      }
    },
    "valid-url": {
      "version": "1.0.9",
      "resolved": "https://registry.npmjs.org/valid-url/-/valid-url-1.0.9.tgz",
      "integrity": "sha1-HBRHm0DxOXp1eC8RXkCGRHQzogA="
    }
  }
}
